
Microsoft Visual Studio Solution File, Format Version 12.00
# Visual Studio 15
VisualStudioVersion = 15.0.27703.2035
MinimumVisualStudioVersion = 10.0.40219.1
Project("{FAE04EC0-301F-11D3-BF4B-00C04F79EFBC}") = "EFCoreDemo", "EFCoreDemo\EFCoreDemo.csproj", "{C2F848FF-B19A-4501-947C-0A33079D2795}"
EndProject
Global
	GlobalSection(SolutionConfigurationPlatforms) = preSolution
		Debug|Any CPU = Debug|Any CPU
		Release|Any CPU = Release|Any CPU
	EndGlobalSection
	GlobalSection(ProjectConfigurationPlatforms) = postSolution
		{C2F848FF-B19A-4501-947C-0A33079D2795}.Debug|Any CPU.ActiveCfg = Debug|Any CPU
		{C2F848FF-B19A-4501-947C-0A33079D2795}.Debug|Any CPU.Build.0 = Debug|Any CPU
		{C2F848FF-B19A-4501-947C-0A33079D2795}.Release|Any CPU.ActiveCfg = Release|Any CPU
		{C2F848FF-B19A-4501-947C-0A33079D2795}.Release|Any CPU.Build.0 = Release|Any CPU
	EndGlobalSection
	GlobalSection(SolutionProperties) = preSolution
		HideSolutionNode = FALSE
	EndGlobalSection
	GlobalSection(ExtensibilityGlobals) = postSolution
		SolutionGuid = {8C363864-A363-45B1-BE37-7F816C70B4AA}
	EndGlobalSection
EndGlobal
